
Microsoft Visual Studio Solution File, Format Version 12.00
# Visual Studio Version 17
VisualStudioVersion = 17.7.34018.315
MinimumVisualStudioVersion = 10.0.40219.1
Project("{FAE04EC0-301F-11D3-BF4B-00C04F79EFBC}") = "Media de Vendas de Carros", "Media de Vendas de Carros.csproj", "{E299B131-2E7F-4A41-BAC3-CC6DF427600E}"
EndProject
Global
	GlobalSection(SolutionConfigurationPlatforms) = preSolution
		Debug|Any CPU = Debug|Any CPU
		Release|Any CPU = Release|Any CPU
	EndGlobalSection
	GlobalSection(ProjectConfigurationPlatforms) = postSolution
		{E299B131-2E7F-4A41-BAC3-CC6DF427600E}.Debug|Any CPU.ActiveCfg = Debug|Any CPU
		{E299B131-2E7F-4A41-BAC3-CC6DF427600E}.Debug|Any CPU.Build.0 = Debug|Any CPU
		{E299B131-2E7F-4A41-BAC3-CC6DF427600E}.Release|Any CPU.ActiveCfg = Release|Any CPU
		{E299B131-2E7F-4A41-BAC3-CC6DF427600E}.Release|Any CPU.Build.0 = Release|Any CPU
	EndGlobalSection
	GlobalSection(SolutionProperties) = preSolution
		HideSolutionNode = FALSE
	EndGlobalSection
	GlobalSection(ExtensibilityGlobals) = postSolution
		SolutionGuid = {9B7E700E-B1FA-4510-806D-DCC4360F169D}
	EndGlobalSection
EndGlobal
